
Microsoft Visual Studio Solution File, Format Version 12.00
Project("{FAE04EC0-301F-11D3-BF4B-00C04F79EFBC}") = "Drip.V1", "Drip.V1\Drip.V1.csproj", "{916D48AA-E69E-4686-B298-178241A2A92D}"
EndProject
Project("{FAE04EC0-301F-11D3-BF4B-00C04F79EFBC}") = "Drip.Components", "Drip.Components\Drip.Components.csproj", "{AA53A6DD-F87F-41EB-91FC-6E0D94478CFF}"
EndProject
Project("{FAE04EC0-301F-11D3-BF4B-00C04F79EFBC}") = "Drip", "Drip\Drip.csproj", "{8537C3B4-E4A0-49D6-BBED-8C98BCC0219A}"
EndProject
Global
	GlobalSection(SolutionConfigurationPlatforms) = preSolution
		Debug|Any CPU = Debug|Any CPU
		Release|Any CPU = Release|Any CPU
	EndGlobalSection
	GlobalSection(ProjectConfigurationPlatforms) = postSolution
		{916D48AA-E69E-4686-B298-178241A2A92D}.Debug|Any CPU.ActiveCfg = Debug|Any CPU
		{916D48AA-E69E-4686-B298-178241A2A92D}.Debug|Any CPU.Build.0 = Debug|Any CPU
		{916D48AA-E69E-4686-B298-178241A2A92D}.Release|Any CPU.ActiveCfg = Release|Any CPU
		{916D48AA-E69E-4686-B298-178241A2A92D}.Release|Any CPU.Build.0 = Release|Any CPU
		{AA53A6DD-F87F-41EB-91FC-6E0D94478CFF}.Debug|Any CPU.ActiveCfg = Debug|Any CPU
		{AA53A6DD-F87F-41EB-91FC-6E0D94478CFF}.Debug|Any CPU.Build.0 = Debug|Any CPU
		{AA53A6DD-F87F-41EB-91FC-6E0D94478CFF}.Release|Any CPU.ActiveCfg = Release|Any CPU
		{AA53A6DD-F87F-41EB-91FC-6E0D94478CFF}.Release|Any CPU.Build.0 = Release|Any CPU
		{8537C3B4-E4A0-49D6-BBED-8C98BCC0219A}.Debug|Any CPU.ActiveCfg = Debug|Any CPU
		{8537C3B4-E4A0-49D6-BBED-8C98BCC0219A}.Debug|Any CPU.Build.0 = Debug|Any CPU
		{8537C3B4-E4A0-49D6-BBED-8C98BCC0219A}.Release|Any CPU.ActiveCfg = Release|Any CPU
		{8537C3B4-E4A0-49D6-BBED-8C98BCC0219A}.Release|Any CPU.Build.0 = Release|Any CPU
	EndGlobalSection
EndGlobal
